// !$*UTF8*$!
{
	archiveVersion = 1;
	classes = {
	};
	objectVersion = 46;
	objects = {

/* Begin PBXBuildFile section */
		63B22C5E1D35464C00518AEC /* AppDelegate.swift in Sources */ = {isa = PBXBuildFile; fileRef = 63B22C5D1D35464C00518AEC /* AppDelegate.swift */; };
		63B22C601D35464C00518AEC /* GameScene.sks in Resources */ = {isa = PBXBuildFile; fileRef = 63B22C5F1D35464C00518AEC /* GameScene.sks */; };
		63B22C621D35464C00518AEC /* GameScene.swift in Sources */ = {isa = PBXBuildFile; fileRef = 63B22C611D35464C00518AEC /* GameScene.swift */; };
		63B22C641D35464C00518AEC /* GameViewController.swift in Sources */ = {isa = PBXBuildFile; fileRef = 63B22C631D35464C00518AEC /* GameViewController.swift */; };
		63B22C671D35464C00518AEC /* Main.storyboard in Resources */ = {isa = PBXBuildFile; fileRef = 63B22C651D35464C00518AEC /* Main.storyboard */; };
		63B22C691D35464C00518AEC /* Assets.xcassets in Resources */ = {isa = PBXBuildFile; fileRef = 63B22C681D35464C00518AEC /* Assets.xcassets */; };
		63B22C6C1D35464C00518AEC /* LaunchScreen.storyboard in Resources */ = {isa = PBXBuildFile; fileRef = 63B22C6A1D35464C00518AEC /* LaunchScreen.storyboard */; };
		63B22C771D35464D00518AEC /* SushiNekoTests.swift in Sources */ = {isa = PBXBuildFile; fileRef = 63B22C761D35464D00518AEC /* SushiNekoTests.swift */; };
		63B22C821D35464D00518AEC /* SushiNekoUITests.swift in Sources */ = {isa = PBXBuildFile; fileRef = 63B22C811D35464D00518AEC /* SushiNekoUITests.swift */; };
		63B22C901D35473000518AEC /* assets.atlas in Resources */ = {isa = PBXBuildFile; fileRef = 63B22C8F1D35473000518AEC /* assets.atlas */; };
		63B22C931D35476700518AEC /* sfx_swipe.caf in Resources */ = {isa = PBXBuildFile; fileRef = 63B22C921D35476700518AEC /* sfx_swipe.caf */; };
		63B22CA41D3578F100518AEC /* MSButtonNode.swift in Sources */ = {isa = PBXBuildFile; fileRef = 63B22C951D3578F100518AEC /* MSButtonNode.swift */; };
		63B22CA51D3578F100518AEC /* MSReferenceNode.swift in Sources */ = {isa = PBXBuildFile; fileRef = 63B22C961D3578F100518AEC /* MSReferenceNode.swift */; };
		63B22CA61D3578F100518AEC /* CGFloat+Extensions.swift in Sources */ = {isa = PBXBuildFile; fileRef = 63B22C981D3578F100518AEC /* CGFloat+Extensions.swift */; };
		63B22CA71D3578F100518AEC /* CGPoint+Extensions.swift in Sources */ = {isa = PBXBuildFile; fileRef = 63B22C991D3578F100518AEC /* CGPoint+Extensions.swift */; };
		63B22CA81D3578F100518AEC /* CGVector+Extensions.swift in Sources */ = {isa = PBXBuildFile; fileRef = 63B22C9A1D3578F100518AEC /* CGVector+Extensions.swift */; };
		63B22CA91D3578F100518AEC /* Int+Extensions.swift in Sources */ = {isa = PBXBuildFile; fileRef = 63B22C9B1D3578F100518AEC /* Int+Extensions.swift */; };
		63B22CAA1D3578F100518AEC /* SKAction+Extensions.swift in Sources */ = {isa = PBXBuildFile; fileRef = 63B22C9C1D3578F100518AEC /* SKAction+Extensions.swift */; };
		63B22CAB1D3578F100518AEC /* SKAction+SpecialEffects.swift in Sources */ = {isa = PBXBuildFile; fileRef = 63B22C9D1D3578F100518AEC /* SKAction+SpecialEffects.swift */; };
		63B22CAC1D3578F100518AEC /* SKColor+Extensions.swift in Sources */ = {isa = PBXBuildFile; fileRef = 63B22C9E1D3578F100518AEC /* SKColor+Extensions.swift */; };
		63B22CAD1D3578F100518AEC /* SKNode+Extensions.swift in Sources */ = {isa = PBXBuildFile; fileRef = 63B22C9F1D3578F100518AEC /* SKNode+Extensions.swift */; };
		63B22CAE1D3578F100518AEC /* SKTAudio.swift in Sources */ = {isa = PBXBuildFile; fileRef = 63B22CA01D3578F100518AEC /* SKTAudio.swift */; };
		63B22CAF1D3578F100518AEC /* SKTEffects.swift in Sources */ = {isa = PBXBuildFile; fileRef = 63B22CA11D3578F100518AEC /* SKTEffects.swift */; };
		63B22CB01D3578F100518AEC /* SKTTimingFunctions.swift in Sources */ = {isa = PBXBuildFile; fileRef = 63B22CA21D3578F100518AEC /* SKTTimingFunctions.swift */; };
		63B22CB11D3578F100518AEC /* Vector3.swift in Sources */ = {isa = PBXBuildFile; fileRef = 63B22CA31D3578F100518AEC /* Vector3.swift */; };
		63F512181D391C81005E969B /* SushiPiece.swift in Sources */ = {isa = PBXBuildFile; fileRef = 63F512171D391C81005E969B /* SushiPiece.swift */; };
		63F5121A1D392403005E969B /* Character.swift in Sources */ = {isa = PBXBuildFile; fileRef = 63F512191D392403005E969B /* Character.swift */; };
		63F5121C1D392CFE005E969B /* AnimationActions.sks in Resources */ = {isa = PBXBuildFile; fileRef = 63F5121B1D392CFE005E969B /* AnimationActions.sks */; };
/* End PBXBuildFile section */

/* Begin PBXContainerItemProxy section */
		63B22C731D35464D00518AEC /* PBXContainerItemProxy */ = {
			isa = PBXContainerItemProxy;
			containerPortal = 63B22C521D35464C00518AEC /* Project object */;
			proxyType = 1;
			remoteGlobalIDString = 63B22C591D35464C00518AEC;
			remoteInfo = SushiNeko;
		};
		63B22C7E1D35464D00518AEC /* PBXContainerItemProxy */ = {
			isa = PBXContainerItemProxy;
			containerPortal = 63B22C521D35464C00518AEC /* Project object */;
			proxyType = 1;
			remoteGlobalIDString = 63B22C591D35464C00518AEC;
			remoteInfo = SushiNeko;
		};
/* End PBXContainerItemProxy section */

/* Begin PBXFileReference section */
		63B22C5A1D35464C00518AEC /* SushiNeko.app */ = {isa = PBXFileReference; explicitFileType = wrapper.application; includeInIndex = 0; path = SushiNeko.app; sourceTree = BUILT_PRODUCTS_DIR; };
		63B22C5D1D35464C00518AEC /* AppDelegate.swift */ = {isa = PBXFileReference; lastKnownFileType = sourcecode.swift; path = AppDelegate.swift; sourceTree = "<group>"; };
		63B22C5F1D35464C00518AEC /* GameScene.sks */ = {isa = PBXFileReference; lastKnownFileType = file.sks; path = GameScene.sks; sourceTree = "<group>"; };
		63B22C611D35464C00518AEC /* GameScene.swift */ = {isa = PBXFileReference; lastKnownFileType = sourcecode.swift; path = GameScene.swift; sourceTree = "<group>"; };
		63B22C631D35464C00518AEC /* GameViewController.swift */ = {isa = PBXFileReference; lastKnownFileType = sourcecode.swift; path = GameViewController.swift; sourceTree = "<group>"; };
		63B22C661D35464C00518AEC /* Base */ = {isa = PBXFileReference; lastKnownFileType = file.storyboard; name = Base; path = Base.lproj/Main.storyboard; sourceTree = "<group>"; };
		63B22C681D35464C00518AEC /* Assets.xcassets */ = {isa = PBXFileReference; lastKnownFileType = folder.assetcatalog; path = Assets.xcassets; sourceTree = "<group>"; };
		63B22C6B1D35464C00518AEC /* Base */ = {isa = PBXFileReference; lastKnownFileType = file.storyboard; name = Base; path = Base.lproj/LaunchScreen.storyboard; sourceTree = "<group>"; };
		63B22C6D1D35464C00518AEC /* Info.plist */ = {isa = PBXFileReference; lastKnownFileType = text.plist.xml; path = Info.plist; sourceTree = "<group>"; };
		63B22C721D35464D00518AEC /* SushiNekoTests.xctest */ = {isa = PBXFileReference; explicitFileType = wrapper.cfbundle; includeInIndex = 0; path = SushiNekoTests.xctest; sourceTree = BUILT_PRODUCTS_DIR; };
		63B22C761D35464D00518AEC /* SushiNekoTests.swift */ = {isa = PBXFileReference; lastKnownFileType = sourcecode.swift; path = SushiNekoTests.swift; sourceTree = "<group>"; };
		63B22C781D35464D00518AEC /* Info.plist */ = {isa = PBXFileReference; lastKnownFileType = text.plist.xml; path = Info.plist; sourceTree = "<group>"; };
		63B22C7D1D35464D00518AEC /* SushiNekoUITests.xctest */ = {isa = PBXFileReference; explicitFileType = wrapper.cfbundle; includeInIndex = 0; path = SushiNekoUITests.xctest; sourceTree = BUILT_PRODUCTS_DIR; };
		63B22C811D35464D00518AEC /* SushiNekoUITests.swift */ = {isa = PBXFileReference; lastKnownFileType = sourcecode.swift; path = SushiNekoUITests.swift; sourceTree = "<group>"; };
		63B22C831D35464D00518AEC /* Info.plist */ = {isa = PBXFileReference; lastKnownFileType = text.plist.xml; path = Info.plist; sourceTree = "<group>"; };
		63B22C8F1D35473000518AEC /* assets.atlas */ = {isa = PBXFileReference; lastKnownFileType = folder.skatlas; path = assets.atlas; sourceTree = "<group>"; };
		63B22C921D35476700518AEC /* sfx_swipe.caf */ = {isa = PBXFileReference; lastKnownFileType = file; path = sfx_swipe.caf; sourceTree = "<group>"; };
		63B22C951D3578F100518AEC /* MSButtonNode.swift */ = {isa = PBXFileReference; fileEncoding = 4; lastKnownFileType = sourcecode.swift; path = MSButtonNode.swift; sourceTree = "<group>"; };
		63B22C961D3578F100518AEC /* MSReferenceNode.swift */ = {isa = PBXFileReference; fileEncoding = 4; lastKnownFileType = sourcecode.swift; path = MSReferenceNode.swift; sourceTree = "<group>"; };
		63B22C981D3578F100518AEC /* CGFloat+Extensions.swift */ = {isa = PBXFileReference; fileEncoding = 4; lastKnownFileType = sourcecode.swift; path = "CGFloat+Extensions.swift"; sourceTree = "<group>"; };
		63B22C991D3578F100518AEC /* CGPoint+Extensions.swift */ = {isa = PBXFileReference; fileEncoding = 4; lastKnownFileType = sourcecode.swift; path = "CGPoint+Extensions.swift"; sourceTree = "<group>"; };
		63B22C9A1D3578F100518AEC /* CGVector+Extensions.swift */ = {isa = PBXFileReference; fileEncoding = 4; lastKnownFileType = sourcecode.swift; path = "CGVector+Extensions.swift"; sourceTree = "<group>"; };
		63B22C9B1D3578F100518AEC /* Int+Extensions.swift */ = {isa = PBXFileReference; fileEncoding = 4; lastKnownFileType = sourcecode.swift; path = "Int+Extensions.swift"; sourceTree = "<group>"; };
		63B22C9C1D3578F100518AEC /* SKAction+Extensions.swift */ = {isa = PBXFileReference; fileEncoding = 4; lastKnownFileType = sourcecode.swift; path = "SKAction+Extensions.swift"; sourceTree = "<group>"; };
		63B22C9D1D3578F100518AEC /* SKAction+SpecialEffects.swift */ = {isa = PBXFileReference; fileEncoding = 4; lastKnownFileType = sourcecode.swift; path = "SKAction+SpecialEffects.swift"; sourceTree = "<group>"; };
		63B22C9E1D3578F100518AEC /* SKColor+Extensions.swift */ = {isa = PBXFileReference; fileEncoding = 4; lastKnownFileType = sourcecode.swift; path = "SKColor+Extensions.swift"; sourceTree = "<group>"; };
		63B22C9F1D3578F100518AEC /* SKNode+Extensions.swift */ = {isa = PBXFileReference; fileEncoding = 4; lastKnownFileType = sourcecode.swift; path = "SKNode+Extensions.swift"; sourceTree = "<group>"; };
		63B22CA01D3578F100518AEC /* SKTAudio.swift */ = {isa = PBXFileReference; fileEncoding = 4; lastKnownFileType = sourcecode.swift; path = SKTAudio.swift; sourceTree = "<group>"; };
		63B22CA11D3578F100518AEC /* SKTEffects.swift */ = {isa = PBXFileReference; fileEncoding = 4; lastKnownFileType = sourcecode.swift; path = SKTEffects.swift; sourceTree = "<group>"; };
		63B22CA21D3578F100518AEC /* SKTTimingFunctions.swift */ = {isa = PBXFileReference; fileEncoding = 4; lastKnownFileType = sourcecode.swift; path = SKTTimingFunctions.swift; sourceTree = "<group>"; };
		63B22CA31D3578F100518AEC /* Vector3.swift */ = {isa = PBXFileReference; fileEncoding = 4; lastKnownFileType = sourcecode.swift; path = Vector3.swift; sourceTree = "<group>"; };
		63F512171D391C81005E969B /* SushiPiece.swift */ = {isa = PBXFileReference; fileEncoding = 4; lastKnownFileType = sourcecode.swift; path = SushiPiece.swift; sourceTree = "<group>"; };
		63F512191D392403005E969B /* Character.swift */ = {isa = PBXFileReference; fileEncoding = 4; lastKnownFileType = sourcecode.swift; path = Character.swift; sourceTree = "<group>"; };
		63F5121B1D392CFE005E969B /* AnimationActions.sks */ = {isa = PBXFileReference; lastKnownFileType = file.sks; path = AnimationActions.sks; sourceTree = "<group>"; };
/* End PBXFileReference section */

/* Begin PBXFrameworksBuildPhase section */
		63B22C571D35464C00518AEC /* Frameworks */ = {
			isa = PBXFrameworksBuildPhase;
			buildActionMask = 2147483647;
			files = (
			);
			runOnlyForDeploymentPostprocessing = 0;
		};
		63B22C6F1D35464D00518AEC /* Frameworks */ = {
			isa = PBXFrameworksBuildPhase;
			buildActionMask = 2147483647;
			files = (
			);
			runOnlyForDeploymentPostprocessing = 0;
		};
		63B22C7A1D35464D00518AEC /* Frameworks */ = {
			isa = PBXFrameworksBuildPhase;
			buildActionMask = 2147483647;
			files = (
			);
			runOnlyForDeploymentPostprocessing = 0;
		};
/* End PBXFrameworksBuildPhase section */

/* Begin PBXGroup section */
		63B22C511D35464C00518AEC = {
			isa = PBXGroup;
			children = (
				63F5121B1D392CFE005E969B /* AnimationActions.sks */,
				63B22C5C1D35464C00518AEC /* SushiNeko */,
				63B22C751D35464D00518AEC /* SushiNekoTests */,
				63B22C801D35464D00518AEC /* SushiNekoUITests */,
				63B22C5B1D35464C00518AEC /* Products */,
			);
			sourceTree = "<group>";
		};
		63B22C5B1D35464C00518AEC /* Products */ = {
			isa = PBXGroup;
			children = (
				63B22C5A1D35464C00518AEC /* SushiNeko.app */,
				63B22C721D35464D00518AEC /* SushiNekoTests.xctest */,
				63B22C7D1D35464D00518AEC /* SushiNekoUITests.xctest */,
			);
			name = Products;
			sourceTree = "<group>";
		};
		63B22C5C1D35464C00518AEC /* SushiNeko */ = {
			isa = PBXGroup;
			children = (
				63B22C941D3578F100518AEC /* Utils */,
				63B22C911D35476700518AEC /* SFX */,
				63B22C8F1D35473000518AEC /* assets.atlas */,
				63B22C5D1D35464C00518AEC /* AppDelegate.swift */,
				63B22C5F1D35464C00518AEC /* GameScene.sks */,
				63B22C611D35464C00518AEC /* GameScene.swift */,
				63B22C631D35464C00518AEC /* GameViewController.swift */,
				63B22C651D35464C00518AEC /* Main.storyboard */,
				63B22C681D35464C00518AEC /* Assets.xcassets */,
				63B22C6A1D35464C00518AEC /* LaunchScreen.storyboard */,
				63B22C6D1D35464C00518AEC /* Info.plist */,
				63F512171D391C81005E969B /* SushiPiece.swift */,
				63F512191D392403005E969B /* Character.swift */,
			);
			path = SushiNeko;
			sourceTree = "<group>";
		};
		63B22C751D35464D00518AEC /* SushiNekoTests */ = {
			isa = PBXGroup;
			children = (
				63B22C761D35464D00518AEC /* SushiNekoTests.swift */,
				63B22C781D35464D00518AEC /* Info.plist */,
			);
			path = SushiNekoTests;
			sourceTree = "<group>";
		};
		63B22C801D35464D00518AEC /* SushiNekoUITests */ = {
			isa = PBXGroup;
			children = (
				63B22C811D35464D00518AEC /* SushiNekoUITests.swift */,
				63B22C831D35464D00518AEC /* Info.plist */,
			);
			path = SushiNekoUITests;
			sourceTree = "<group>";
		};
		63B22C911D35476700518AEC /* SFX */ = {
			isa = PBXGroup;
			children = (
				63B22C921D35476700518AEC /* sfx_swipe.caf */,
			);
			name = SFX;
			path = "SFX 2";
			sourceTree = "<group>";
		};
		63B22C941D3578F100518AEC /* Utils */ = {
			isa = PBXGroup;
			children = (
				63B22C951D3578F100518AEC /* MSButtonNode.swift */,
				63B22C961D3578F100518AEC /* MSReferenceNode.swift */,
				63B22C971D3578F100518AEC /* SKTUtils */,
			);
			path = Utils;
			sourceTree = "<group>";
		};
		63B22C971D3578F100518AEC /* SKTUtils */ = {
			isa = PBXGroup;
			children = (
				63B22C981D3578F100518AEC /* CGFloat+Extensions.swift */,
				63B22C991D3578F100518AEC /* CGPoint+Extensions.swift */,
				63B22C9A1D3578F100518AEC /* CGVector+Extensions.swift */,
				63B22C9B1D3578F100518AEC /* Int+Extensions.swift */,
				63B22C9C1D3578F100518AEC /* SKAction+Extensions.swift */,
				63B22C9D1D3578F100518AEC /* SKAction+SpecialEffects.swift */,
				63B22C9E1D3578F100518AEC /* SKColor+Extensions.swift */,
				63B22C9F1D3578F100518AEC /* SKNode+Extensions.swift */,
				63B22CA01D3578F100518AEC /* SKTAudio.swift */,
				63B22CA11D3578F100518AEC /* SKTEffects.swift */,
				63B22CA21D3578F100518AEC /* SKTTimingFunctions.swift */,
				63B22CA31D3578F100518AEC /* Vector3.swift */,
			);
			path = SKTUtils;
			sourceTree = "<group>";
		};
/* End PBXGroup section */

/* Begin PBXNativeTarget section */
		63B22C591D35464C00518AEC /* SushiNeko */ = {
			isa = PBXNativeTarget;
			buildConfigurationList = 63B22C861D35464D00518AEC /* Build configuration list for PBXNativeTarget "SushiNeko" */;
			buildPhases = (
				63B22C561D35464C00518AEC /* Sources */,
				63B22C571D35464C00518AEC /* Frameworks */,
				63B22C581D35464C00518AEC /* Resources */,
			);
			buildRules = (
			);
			dependencies = (
			);
			name = SushiNeko;
			productName = SushiNeko;
			productReference = 63B22C5A1D35464C00518AEC /* SushiNeko.app */;
			productType = "com.apple.product-type.application";
		};
		63B22C711D35464D00518AEC /* SushiNekoTests */ = {
			isa = PBXNativeTarget;
			buildConfigurationList = 63B22C891D35464D00518AEC /* Build configuration list for PBXNativeTarget "SushiNekoTests" */;
			buildPhases = (
				63B22C6E1D35464D00518AEC /* Sources */,
				63B22C6F1D35464D00518AEC /* Frameworks */,
				63B22C701D35464D00518AEC /* Resources */,
			);
			buildRules = (
			);
			dependencies = (
				63B22C741D35464D00518AEC /* PBXTargetDependency */,
			);
			name = SushiNekoTests;
			productName = SushiNekoTests;
			productReference = 63B22C721D35464D00518AEC /* SushiNekoTests.xctest */;
			productType = "com.apple.product-type.bundle.unit-test";
		};
		63B22C7C1D35464D00518AEC /* SushiNekoUITests */ = {
			isa = PBXNativeTarget;
			buildConfigurationList = 63B22C8C1D35464D00518AEC /* Build configuration list for PBXNativeTarget "SushiNekoUITests" */;
			buildPhases = (
				63B22C791D35464D00518AEC /* Sources */,
				63B22C7A1D35464D00518AEC /* Frameworks */,
				63B22C7B1D35464D00518AEC /* Resources */,
			);
			buildRules = (
			);
			dependencies = (
				63B22C7F1D35464D00518AEC /* PBXTargetDependency */,
			);
			name = SushiNekoUITests;
			productName = SushiNekoUITests;
			productReference = 63B22C7D1D35464D00518AEC /* SushiNekoUITests.xctest */;
			productType = "com.apple.product-type.bundle.ui-testing";
		};
/* End PBXNativeTarget section */

/* Begin PBXProject section */
		63B22C521D35464C00518AEC /* Project object */ = {
			isa = PBXProject;
			attributes = {
				LastSwiftUpdateCheck = 0730;
				LastUpgradeCheck = 0730;
				ORGANIZATIONNAME = "Make School";
				TargetAttributes = {
					63B22C591D35464C00518AEC = {
						CreatedOnToolsVersion = 7.3.1;
						DevelopmentTeam = 7849U3B59S;
					};
					63B22C711D35464D00518AEC = {
						CreatedOnToolsVersion = 7.3.1;
						DevelopmentTeam = 7849U3B59S;
						TestTargetID = 63B22C591D35464C00518AEC;
					};
					63B22C7C1D35464D00518AEC = {
						CreatedOnToolsVersion = 7.3.1;
						DevelopmentTeam = 7849U3B59S;
						TestTargetID = 63B22C591D35464C00518AEC;
					};
				};
			};
			buildConfigurationList = 63B22C551D35464C00518AEC /* Build configuration list for PBXProject "SushiNeko" */;
			compatibilityVersion = "Xcode 3.2";
			developmentRegion = English;
			hasScannedForEncodings = 0;
			knownRegions = (
				en,
				Base,
			);
			mainGroup = 63B22C511D35464C00518AEC;
			productRefGroup = 63B22C5B1D35464C00518AEC /* Products */;
			projectDirPath = "";
			projectRoot = "";
			targets = (
				63B22C591D35464C00518AEC /* SushiNeko */,
				63B22C711D35464D00518AEC /* SushiNekoTests */,
				63B22C7C1D35464D00518AEC /* SushiNekoUITests */,
			);
		};
/* End PBXProject section */

/* Begin PBXResourcesBuildPhase section */
		63B22C581D35464C00518AEC /* Resources */ = {
			isa = PBXResourcesBuildPhase;
			buildActionMask = 2147483647;
			files = (
				63B22C601D35464C00518AEC /* GameScene.sks in Resources */,
				63B22C931D35476700518AEC /* sfx_swipe.caf in Resources */,
				63F5121C1D392CFE005E969B /* AnimationActions.sks in Resources */,
				63B22C6C1D35464C00518AEC /* LaunchScreen.storyboard in Resources */,
				63B22C691D35464C00518AEC /* Assets.xcassets in Resources */,
				63B22C901D35473000518AEC /* assets.atlas in Resources */,
				63B22C671D35464C00518AEC /* Main.storyboard in Resources */,
			);
			runOnlyForDeploymentPostprocessing = 0;
		};
		63B22C701D35464D00518AEC /* Resources */ = {
			isa = PBXResourcesBuildPhase;
			buildActionMask = 2147483647;
			files = (
			);
			runOnlyForDeploymentPostprocessing = 0;
		};
		63B22C7B1D35464D00518AEC /* Resources */ = {
			isa = PBXResourcesBuildPhase;
			buildActionMask = 2147483647;
			files = (
			);
			runOnlyForDeploymentPostprocessing = 0;
		};
/* End PBXResourcesBuildPhase section */

/* Begin PBXSourcesBuildPhase section */
		63B22C561D35464C00518AEC /* Sources */ = {
			isa = PBXSourcesBuildPhase;
			buildActionMask = 2147483647;
			files = (
				63B22CA71D3578F100518AEC /* CGPoint+Extensions.swift in Sources */,
				63B22CAF1D3578F100518AEC /* SKTEffects.swift in Sources */,
				63B22CAA1D3578F100518AEC /* SKAction+Extensions.swift in Sources */,
				63B22C621D35464C00518AEC /* GameScene.swift in Sources */,
				63B22CAD1D3578F100518AEC /* SKNode+Extensions.swift in Sources */,
				63B22C641D35464C00518AEC /* GameViewController.swift in Sources */,
				63B22CB01D3578F100518AEC /* SKTTimingFunctions.swift in Sources */,
				63B22CAB1D3578F100518AEC /* SKAction+SpecialEffects.swift in Sources */,
				63B22CA91D3578F100518AEC /* Int+Extensions.swift in Sources */,
				63B22CB11D3578F100518AEC /* Vector3.swift in Sources */,
				63B22C5E1D35464C00518AEC /* AppDelegate.swift in Sources */,
				63B22CAC1D3578F100518AEC /* SKColor+Extensions.swift in Sources */,
				63B22CA81D3578F100518AEC /* CGVector+Extensions.swift in Sources */,
				63B22CA51D3578F100518AEC /* MSReferenceNode.swift in Sources */,
				63B22CAE1D3578F100518AEC /* SKTAudio.swift in Sources */,
				63F512181D391C81005E969B /* SushiPiece.swift in Sources */,
				63B22CA61D3578F100518AEC /* CGFloat+Extensions.swift in Sources */,
				63B22CA41D3578F100518AEC /* MSButtonNode.swift in Sources */,
				63F5121A1D392403005E969B /* Character.swift in Sources */,
			);
			runOnlyForDeploymentPostprocessing = 0;
		};
		63B22C6E1D35464D00518AEC /* Sources */ = {
			isa = PBXSourcesBuildPhase;
			buildActionMask = 2147483647;
			files = (
				63B22C771D35464D00518AEC /* SushiNekoTests.swift in Sources */,
			);
			runOnlyForDeploymentPostprocessing = 0;
		};
		63B22C791D35464D00518AEC /* Sources */ = {
			isa = PBXSourcesBuildPhase;
			buildActionMask = 2147483647;
			files = (
				63B22C821D35464D00518AEC /* SushiNekoUITests.swift in Sources */,
			);
			runOnlyForDeploymentPostprocessing = 0;
		};
/* End PBXSourcesBuildPhase section */

/* Begin PBXTargetDependency section */
		63B22C741D35464D00518AEC /* PBXTargetDependency */ = {
			isa = PBXTargetDependency;
			target = 63B22C591D35464C00518AEC /* SushiNeko */;
			targetProxy = 63B22C731D35464D00518AEC /* PBXContainerItemProxy */;
		};
		63B22C7F1D35464D00518AEC /* PBXTargetDependency */ = {
			isa = PBXTargetDependency;
			target = 63B22C591D35464C00518AEC /* SushiNeko */;
			targetProxy = 63B22C7E1D35464D00518AEC /* PBXContainerItemProxy */;
		};
/* End PBXTargetDependency section */

/* Begin PBXVariantGroup section */
		63B22C651D35464C00518AEC /* Main.storyboard */ = {
			isa = PBXVariantGroup;
			children = (
				63B22C661D35464C00518AEC /* Base */,
			);
			name = Main.storyboard;
			sourceTree = "<group>";
		};
		63B22C6A1D35464C00518AEC /* LaunchScreen.storyboard */ = {
			isa = PBXVariantGroup;
			children = (
				63B22C6B1D35464C00518AEC /* Base */,
			);
			name = LaunchScreen.storyboard;
			sourceTree = "<group>";
		};
/* End PBXVariantGroup section */

/* Begin XCBuildConfiguration section */
		63B22C841D35464D00518AEC /* Debug */ = {
			isa = XCBuildConfiguration;
			buildSettings = {
				ALWAYS_SEARCH_USER_PATHS = NO;
				CLANG_ANALYZER_NONNULL = YES;
				CLANG_CXX_LANGUAGE_STANDARD = "gnu++0x";
				CLANG_CXX_LIBRARY = "libc++";
				CLANG_ENABLE_MODULES = YES;
				CLANG_ENABLE_OBJC_ARC = YES;
				CLANG_WARN_BOOL_CONVERSION = YES;
				CLANG_WARN_CONSTANT_CONVERSION = YES;
				CLANG_WARN_DIRECT_OBJC_ISA_USAGE = YES_ERROR;
				CLANG_WARN_EMPTY_BODY = YES;
				CLANG_WARN_ENUM_CONVERSION = YES;
				CLANG_WARN_INT_CONVERSION = YES;
				CLANG_WARN_OBJC_ROOT_CLASS = YES_ERROR;
				CLANG_WARN_UNREACHABLE_CODE = YES;
				CLANG_WARN__DUPLICATE_METHOD_MATCH = YES;
				"CODE_SIGN_IDENTITY[sdk=iphoneos*]" = "iPhone Developer";
				COPY_PHASE_STRIP = NO;
				DEBUG_INFORMATION_FORMAT = "dwarf-with-dsym";
				ENABLE_STRICT_OBJC_MSGSEND = YES;
				ENABLE_TESTABILITY = YES;
				GCC_C_LANGUAGE_STANDARD = gnu99;
				GCC_DYNAMIC_NO_PIC = NO;
				GCC_NO_COMMON_BLOCKS = YES;
				GCC_OPTIMIZATION_LEVEL = 0;
				GCC_PREPROCESSOR_DEFINITIONS = (
					"DEBUG=1",
					"$(inherited)",
				);
				GCC_WARN_64_TO_32_BIT_CONVERSION = YES;
				GCC_WARN_ABOUT_RETURN_TYPE = YES_ERROR;
				GCC_WARN_UNDECLARED_SELECTOR = YES;
				GCC_WARN_UNINITIALIZED_AUTOS = YES_AGGRESSIVE;
				GCC_WARN_UNUSED_FUNCTION = YES;
				GCC_WARN_UNUSED_VARIABLE = YES;
				IPHONEOS_DEPLOYMENT_TARGET = 9.3;
				MTL_ENABLE_DEBUG_INFO = YES;
				ONLY_ACTIVE_ARCH = YES;
				SDKROOT = iphoneos;
				SWIFT_OPTIMIZATION_LEVEL = "-Onone";
				TARGETED_DEVICE_FAMILY = "1,2";
			};
			name = Debug;
		};
		63B22C851D35464D00518AEC /* Release */ = {
			isa = XCBuildConfiguration;
			buildSettings = {
				ALWAYS_SEARCH_USER_PATHS = NO;
				CLANG_ANALYZER_NONNULL = YES;
				CLANG_CXX_LANGUAGE_STANDARD = "gnu++0x";
				CLANG_CXX_LIBRARY = "libc++";
				CLANG_ENABLE_MODULES = YES;
				CLANG_ENABLE_OBJC_ARC = YES;
				CLANG_WARN_BOOL_CONVERSION = YES;
				CLANG_WARN_CONSTANT_CONVERSION = YES;
				CLANG_WARN_DIRECT_OBJC_ISA_USAGE = YES_ERROR;
				CLANG_WARN_EMPTY_BODY = YES;
				CLANG_WARN_ENUM_CONVERSION = YES;
				CLANG_WARN_INT_CONVERSION = YES;
				CLANG_WARN_OBJC_ROOT_CLASS = YES_ERROR;
				CLANG_WARN_UNREACHABLE_CODE = YES;
				CLANG_WARN__DUPLICATE_METHOD_MATCH = YES;
				"CODE_SIGN_IDENTITY[sdk=iphoneos*]" = "iPhone Developer";
				COPY_PHASE_STRIP = NO;
				DEBUG_INFORMATION_FORMAT = "dwarf-with-dsym";
				ENABLE_NS_ASSERTIONS = NO;
				ENABLE_STRICT_OBJC_MSGSEND = YES;
				GCC_C_LANGUAGE_STANDARD = gnu99;
				GCC_NO_COMMON_BLOCKS = YES;
				GCC_WARN_64_TO_32_BIT_CONVERSION = YES;
				GCC_WARN_ABOUT_RETURN_TYPE = YES_ERROR;
				GCC_WARN_UNDECLARED_SELECTOR = YES;
				GCC_WARN_UNINITIALIZED_AUTOS = YES_AGGRESSIVE;
				GCC_WARN_UNUSED_FUNCTION = YES;
				GCC_WARN_UNUSED_VARIABLE = YES;
				IPHONEOS_DEPLOYMENT_TARGET = 9.3;
				MTL_ENABLE_DEBUG_INFO = NO;
				SDKROOT = iphoneos;
				TARGETED_DEVICE_FAMILY = "1,2";
				VALIDATE_PRODUCT = YES;
			};
			name = Release;
		};
		63B22C871D35464D00518AEC /* Debug */ = {
			isa = XCBuildConfiguration;
			buildSettings = {
				ASSETCATALOG_COMPILER_APPICON_NAME = AppIcon;
				INFOPLIST_FILE = SushiNeko/Info.plist;
				LD_RUNPATH_SEARCH_PATHS = "$(inherited) @executable_path/Frameworks";
				PRODUCT_BUNDLE_IDENTIFIER = com.makeschool.SushiNeko;
				PRODUCT_NAME = "$(TARGET_NAME)";
			};
			name = Debug;
		};
		63B22C881D35464D00518AEC /* Release */ = {
			isa = XCBuildConfiguration;
			buildSettings = {
				ASSETCATALOG_COMPILER_APPICON_NAME = AppIcon;
				INFOPLIST_FILE = SushiNeko/Info.plist;
				LD_RUNPATH_SEARCH_PATHS = "$(inherited) @executable_path/Frameworks";
				PRODUCT_BUNDLE_IDENTIFIER = com.makeschool.SushiNeko;
				PRODUCT_NAME = "$(TARGET_NAME)";
			};
			name = Release;
		};
		63B22C8A1D35464D00518AEC /* Debug */ = {
			isa = XCBuildConfiguration;
			buildSettings = {
				BUNDLE_LOADER = "$(TEST_HOST)";
				DEBUG_INFORMATION_FORMAT = dwarf;
				INFOPLIST_FILE = SushiNekoTests/Info.plist;
				LD_RUNPATH_SEARCH_PATHS = "$(inherited) @executable_path/Frameworks @loader_path/Frameworks";
				PRODUCT_BUNDLE_IDENTIFIER = com.makeschool.SushiNekoTests;
				PRODUCT_NAME = "$(TARGET_NAME)";
				TEST_HOST = "$(BUILT_PRODUCTS_DIR)/SushiNeko.app/SushiNeko";
			};
			name = Debug;
		};
		63B22C8B1D35464D00518AEC /* Release */ = {
			isa = XCBuildConfiguration;
			buildSettings = {
				BUNDLE_LOADER = "$(TEST_HOST)";
				INFOPLIST_FILE = SushiNekoTests/Info.plist;
				LD_RUNPATH_SEARCH_PATHS = "$(inherited) @executable_path/Frameworks @loader_path/Frameworks";
				PRODUCT_BUNDLE_IDENTIFIER = com.makeschool.SushiNekoTests;
				PRODUCT_NAME = "$(TARGET_NAME)";
				TEST_HOST = "$(BUILT_PRODUCTS_DIR)/SushiNeko.app/SushiNeko";
			};
			name = Release;
		};
		63B22C8D1D35464D00518AEC /* Debug */ = {
			isa = XCBuildConfiguration;
			buildSettings = {
				DEBUG_INFORMATION_FORMAT = dwarf;
				INFOPLIST_FILE = SushiNekoUITests/Info.plist;
				LD_RUNPATH_SEARCH_PATHS = "$(inherited) @executable_path/Frameworks @loader_path/Frameworks";
				PRODUCT_BUNDLE_IDENTIFIER = com.makeschool.SushiNekoUITests;
				PRODUCT_NAME = "$(TARGET_NAME)";
				TEST_TARGET_NAME = SushiNeko;
			};
			name = Debug;
		};
		63B22C8E1D35464D00518AEC /* Release */ = {
			isa = XCBuildConfiguration;
			buildSettings = {
				INFOPLIST_FILE = SushiNekoUITests/Info.plist;
				LD_RUNPATH_SEARCH_PATHS = "$(inherited) @executable_path/Frameworks @loader_path/Frameworks";
				PRODUCT_BUNDLE_IDENTIFIER = com.makeschool.SushiNekoUITests;
				PRODUCT_NAME = "$(TARGET_NAME)";
				TEST_TARGET_NAME = SushiNeko;
			};
			name = Release;
		};
/* End XCBuildConfiguration section */

/* Begin XCConfigurationList section */
		63B22C551D35464C00518AEC /* Build configuration list for PBXProject "SushiNeko" */ = {
			isa = XCConfigurationList;
			buildConfigurations = (
				63B22C841D35464D00518AEC /* Debug */,
				63B22C851D35464D00518AEC /* Release */,
			);
			defaultConfigurationIsVisible = 0;
			defaultConfigurationName = Release;
		};
		63B22C861D35464D00518AEC /* Build configuration list for PBXNativeTarget "SushiNeko" */ = {
			isa = XCConfigurationList;
			buildConfigurations = (
				63B22C871D35464D00518AEC /* Debug */,
				63B22C881D35464D00518AEC /* Release */,
			);
			defaultConfigurationIsVisible = 0;
			defaultConfigurationName = Release;
		};
		63B22C891D35464D00518AEC /* Build configuration list for PBXNativeTarget "SushiNekoTests" */ = {
			isa = XCConfigurationList;
			buildConfigurations = (
				63B22C8A1D35464D00518AEC /* Debug */,
				63B22C8B1D35464D00518AEC /* Release */,
			);
			defaultConfigurationIsVisible = 0;
			defaultConfigurationName = Release;
		};
		63B22C8C1D35464D00518AEC /* Build configuration list for PBXNativeTarget "SushiNekoUITests" */ = {
			isa = XCConfigurationList;
			buildConfigurations = (
				63B22C8D1D35464D00518AEC /* Debug */,
				63B22C8E1D35464D00518AEC /* Release */,
			);
			defaultConfigurationIsVisible = 0;
			defaultConfigurationName = Release;
		};
/* End XCConfigurationList section */
	};
	rootObject = 63B22C521D35464C00518AEC /* Project object */;
}
